{
  "lockfileVersion": 1,
  "workspaces": {
    "": {
      "dependencies": {
        "chalk": "^5.4.1",
      },
      "devDependencies": {
        "@lush/plugin-postcss": "npm:@jsr/lush__plugin-postcss",
        "@tailwindcss/postcss": "^4.0.6",
        "@types/bun": "^1.2.2",
        "autoprefixer": "^10.4.20",
        "postcss": "^8.5.2",
      },
    },
  },
  "packages": {
    "@alloc/quick-lru": ["@alloc/quick-lru@5.2.0", "", {}, "sha512-UrcABB+4bUrFABwbluTIBErXwvbsU/V7TZWfmbgJfbkwiBuziS9gxdODUyuiecfdGQ85jglMW6juS3+z5TsKLw=="],

    "@lush/plugin-postcss": ["@jsr/lush__plugin-postcss@0.1.1", "https://npm.jsr.io/~/11/@jsr/lush__plugin-postcss/0.1.1.tgz", { "dependencies": { "@types/bun": "latest", "postcss": "8.5.1" } }, "sha512-QHKFWPVPdyfwIG9EuItY/hi/ecURihVPcGR++u1rDhqDq70P6K3844rF+QQq/r+GZ8dtzELyKd38hn/pwwAmNA=="],

    "@tailwindcss/node": ["@tailwindcss/node@4.0.6", "", { "dependencies": { "enhanced-resolve": "^5.18.0", "jiti": "^2.4.2", "tailwindcss": "4.0.6" } }, "sha512-jb6E0WeSq7OQbVYcIJ6LxnZTeC4HjMvbzFBMCrQff4R50HBlo/obmYNk6V2GCUXDeqiXtvtrQgcIbT+/boB03Q=="],

    "@tailwindcss/oxide": ["@tailwindcss/oxide@4.0.6", "", { "optionalDependencies": { "@tailwindcss/oxide-android-arm64": "4.0.6", "@tailwindcss/oxide-darwin-arm64": "4.0.6", "@tailwindcss/oxide-darwin-x64": "4.0.6", "@tailwindcss/oxide-freebsd-x64": "4.0.6", "@tailwindcss/oxide-linux-arm-gnueabihf": "4.0.6", "@tailwindcss/oxide-linux-arm64-gnu": "4.0.6", "@tailwindcss/oxide-linux-arm64-musl": "4.0.6", "@tailwindcss/oxide-linux-x64-gnu": "4.0.6", "@tailwindcss/oxide-linux-x64-musl": "4.0.6", "@tailwindcss/oxide-win32-arm64-msvc": "4.0.6", "@tailwindcss/oxide-win32-x64-msvc": "4.0.6" } }, "sha512-lVyKV2y58UE9CeKVcYykULe9QaE1dtKdxDEdrTPIdbzRgBk6bdxHNAoDqvcqXbIGXubn3VOl1O/CFF77v/EqSA=="],

    "@tailwindcss/oxide-android-arm64": ["@tailwindcss/oxide-android-arm64@4.0.6", "", { "os": "android", "cpu": "arm64" }, "sha512-xDbym6bDPW3D2XqQqX3PjqW3CKGe1KXH7Fdkc60sX5ZLVUbzPkFeunQaoP+BuYlLc2cC1FoClrIRYnRzof9Sow=="],

    "@tailwindcss/oxide-darwin-arm64": ["@tailwindcss/oxide-darwin-arm64@4.0.6", "", { "os": "darwin", "cpu": "arm64" }, "sha512-1f71/ju/tvyGl5c2bDkchZHy8p8EK/tDHCxlpYJ1hGNvsYihZNurxVpZ0DefpN7cNc9RTT8DjrRoV8xXZKKRjg=="],

    "@tailwindcss/oxide-darwin-x64": ["@tailwindcss/oxide-darwin-x64@4.0.6", "", { "os": "darwin", "cpu": "x64" }, "sha512-s/hg/ZPgxFIrGMb0kqyeaqZt505P891buUkSezmrDY6lxv2ixIELAlOcUVTkVh245SeaeEiUVUPiUN37cwoL2g=="],

    "@tailwindcss/oxide-freebsd-x64": ["@tailwindcss/oxide-freebsd-x64@4.0.6", "", { "os": "freebsd", "cpu": "x64" }, "sha512-Z3Wo8FWZnmio8+xlcbb7JUo/hqRMSmhQw8IGIRoRJ7GmLR0C+25Wq+bEX/135xe/yEle2lFkhu9JBHd4wZYiig=="],

    "@tailwindcss/oxide-linux-arm-gnueabihf": ["@tailwindcss/oxide-linux-arm-gnueabihf@4.0.6", "", { "os": "linux", "cpu": "arm" }, "sha512-SNSwkkim1myAgmnbHs4EjXsPL7rQbVGtjcok5EaIzkHkCAVK9QBQsWeP2Jm2/JJhq4wdx8tZB9Y7psMzHYWCkA=="],

    "@tailwindcss/oxide-linux-arm64-gnu": ["@tailwindcss/oxide-linux-arm64-gnu@4.0.6", "", { "os": "linux", "cpu": "arm64" }, "sha512-tJ+mevtSDMQhKlwCCuhsFEFg058kBiSy4TkoeBG921EfrHKmexOaCyFKYhVXy4JtkaeeOcjJnCLasEeqml4i+Q=="],

    "@tailwindcss/oxide-linux-arm64-musl": ["@tailwindcss/oxide-linux-arm64-musl@4.0.6", "", { "os": "linux", "cpu": "arm64" }, "sha512-IoArz1vfuTR4rALXMUXI/GWWfx2EaO4gFNtBNkDNOYhlTD4NVEwE45nbBoojYiTulajI4c2XH8UmVEVJTOJKxA=="],

    "@tailwindcss/oxide-linux-x64-gnu": ["@tailwindcss/oxide-linux-x64-gnu@4.0.6", "", { "os": "linux", "cpu": "x64" }, "sha512-QtsUfLkEAeWAC3Owx9Kg+7JdzE+k9drPhwTAXbXugYB9RZUnEWWx5x3q/au6TvUYcL+n0RBqDEO2gucZRvRFgQ=="],

    "@tailwindcss/oxide-linux-x64-musl": ["@tailwindcss/oxide-linux-x64-musl@4.0.6", "", { "os": "linux", "cpu": "x64" }, "sha512-QthvJqIji2KlGNwLcK/PPYo7w1Wsi/8NK0wAtRGbv4eOPdZHkQ9KUk+oCoP20oPO7i2a6X1aBAFQEL7i08nNMA=="],

    "@tailwindcss/oxide-win32-arm64-msvc": ["@tailwindcss/oxide-win32-arm64-msvc@4.0.6", "", { "os": "win32", "cpu": "arm64" }, "sha512-+oka+dYX8jy9iP00DJ9Y100XsqvbqR5s0yfMZJuPR1H/lDVtDfsZiSix1UFBQ3X1HWxoEEl6iXNJHWd56TocVw=="],

    "@tailwindcss/oxide-win32-x64-msvc": ["@tailwindcss/oxide-win32-x64-msvc@4.0.6", "", { "os": "win32", "cpu": "x64" }, "sha512-+o+juAkik4p8Ue/0LiflQXPmVatl6Av3LEZXpBTfg4qkMIbZdhCGWFzHdt2NjoMiLOJCFDddoV6GYaimvK1Olw=="],

    "@tailwindcss/postcss": ["@tailwindcss/postcss@4.0.6", "", { "dependencies": { "@alloc/quick-lru": "^5.2.0", "@tailwindcss/node": "^4.0.6", "@tailwindcss/oxide": "^4.0.6", "lightningcss": "^1.29.1", "postcss": "^8.4.41", "tailwindcss": "4.0.6" } }, "sha512-noTaGPHjGCXTCc487TWnfAEN0VMjqDAecssWDOsfxV2hFrcZR0AHthX7IdY/0xHTg/EtpmIPdssddlZ5/B7JnQ=="],

    "@types/bun": ["@types/bun@1.2.2", "", { "dependencies": { "bun-types": "1.2.2" } }, "sha512-tr74gdku+AEDN5ergNiBnplr7hpDp3V1h7fqI2GcR/rsUaM39jpSeKH0TFibRvU0KwniRx5POgaYnaXbk0hU+w=="],

    "@types/node": ["@types/node@22.13.1", "", { "dependencies": { "undici-types": "~6.20.0" } }, "sha512-jK8uzQlrvXqEU91UxiK5J7pKHyzgnI1Qnl0QDHIgVGuolJhRb9EEl28Cj9b3rGR8B2lhFCtvIm5os8lFnO/1Ew=="],

    "@types/ws": ["@types/ws@8.5.14", "", { "dependencies": { "@types/node": "*" } }, "sha512-bd/YFLW+URhBzMXurx7lWByOu+xzU9+kb3RboOteXYDfW+tr+JZa99OyNmPINEGB/ahzKrEuc8rcv4gnpJmxTw=="],

    "autoprefixer": ["autoprefixer@10.4.20", "", { "dependencies": { "browserslist": "^4.23.3", "caniuse-lite": "^1.0.30001646", "fraction.js": "^4.3.7", "normalize-range": "^0.1.2", "picocolors": "^1.0.1", "postcss-value-parser": "^4.2.0" }, "peerDependencies": { "postcss": "^8.1.0" }, "bin": { "autoprefixer": "bin/autoprefixer" } }, "sha512-XY25y5xSv/wEoqzDyXXME4AFfkZI0P23z6Fs3YgymDnKJkCGOnkL0iTxCa85UTqaSgfcqyf3UA6+c7wUvx/16g=="],

    "browserslist": ["browserslist@4.24.4", "", { "dependencies": { "caniuse-lite": "^1.0.30001688", "electron-to-chromium": "^1.5.73", "node-releases": "^2.0.19", "update-browserslist-db": "^1.1.1" }, "bin": { "browserslist": "cli.js" } }, "sha512-KDi1Ny1gSePi1vm0q4oxSF8b4DR44GF4BbmS2YdhPLOEqd8pDviZOGH/GsmRwoWJ2+5Lr085X7naowMwKHDG1A=="],

    "bun-types": ["bun-types@1.2.2", "", { "dependencies": { "@types/node": "*", "@types/ws": "~8.5.10" } }, "sha512-RCbMH5elr9gjgDGDhkTTugA21XtJAy/9jkKe/G3WR2q17VPGhcquf9Sir6uay9iW+7P/BV0CAHA1XlHXMAVKHg=="],

    "caniuse-lite": ["caniuse-lite@1.0.30001699", "", {}, "sha512-b+uH5BakXZ9Do9iK+CkDmctUSEqZl+SP056vc5usa0PL+ev5OHw003rZXcnjNDv3L8P5j6rwT6C0BPKSikW08w=="],

    "chalk": ["chalk@5.4.1", "", {}, "sha512-zgVZuo2WcZgfUEmsn6eO3kINexW8RAE4maiQ8QNs8CtpPCSyMiYsULR3HQYkm3w8FIA3SberyMJMSldGsW+U3w=="],

    "detect-libc": ["detect-libc@1.0.3", "", { "bin": { "detect-libc": "./bin/detect-libc.js" } }, "sha512-pGjwhsmsp4kL2RTz08wcOlGN83otlqHeD/Z5T8GXZB+/YcpQ/dgo+lbU8ZsGxV0HIvqqxo9l7mqYwyYMD9bKDg=="],

    "electron-to-chromium": ["electron-to-chromium@1.5.97", "", {}, "sha512-HKLtaH02augM7ZOdYRuO19rWDeY+QSJ1VxnXFa/XDFLf07HvM90pALIJFgrO+UVaajI3+aJMMpojoUTLZyQ7JQ=="],

    "enhanced-resolve": ["enhanced-resolve@5.18.1", "", { "dependencies": { "graceful-fs": "^4.2.4", "tapable": "^2.2.0" } }, "sha512-ZSW3ma5GkcQBIpwZTSRAI8N71Uuwgs93IezB7mf7R60tC8ZbJideoDNKjHn2O9KIlx6rkGTTEk1xUCK2E1Y2Yg=="],

    "escalade": ["escalade@3.2.0", "", {}, "sha512-WUj2qlxaQtO4g6Pq5c29GTcWGDyd8itL8zTlipgECz3JesAiiOKotd8JU6otB3PACgG6xkJUyVhboMS+bje/jA=="],

    "fraction.js": ["fraction.js@4.3.7", "", {}, "sha512-ZsDfxO51wGAXREY55a7la9LScWpwv9RxIrYABrlvOFBlH/ShPnrtsXeuUIfXKKOVicNxQ+o8JTbJvjS4M89yew=="],

    "graceful-fs": ["graceful-fs@4.2.11", "", {}, "sha512-RbJ5/jmFcNNCcDV5o9eTnBLJ/HszWV0P73bc+Ff4nS/rJj+YaS6IGyiOL0VoBYX+l1Wrl3k63h/KrH+nhJ0XvQ=="],

    "jiti": ["jiti@2.4.2", "", { "bin": { "jiti": "lib/jiti-cli.mjs" } }, "sha512-rg9zJN+G4n2nfJl5MW3BMygZX56zKPNVEYYqq7adpmMh4Jn2QNEwhvQlFy6jPVdcod7txZtKHWnyZiA3a0zP7A=="],

    "lightningcss": ["lightningcss@1.29.1", "", { "dependencies": { "detect-libc": "^1.0.3" }, "optionalDependencies": { "lightningcss-darwin-arm64": "1.29.1", "lightningcss-darwin-x64": "1.29.1", "lightningcss-freebsd-x64": "1.29.1", "lightningcss-linux-arm-gnueabihf": "1.29.1", "lightningcss-linux-arm64-gnu": "1.29.1", "lightningcss-linux-arm64-musl": "1.29.1", "lightningcss-linux-x64-gnu": "1.29.1", "lightningcss-linux-x64-musl": "1.29.1", "lightningcss-win32-arm64-msvc": "1.29.1", "lightningcss-win32-x64-msvc": "1.29.1" } }, "sha512-FmGoeD4S05ewj+AkhTY+D+myDvXI6eL27FjHIjoyUkO/uw7WZD1fBVs0QxeYWa7E17CUHJaYX/RUGISCtcrG4Q=="],

    "lightningcss-darwin-arm64": ["lightningcss-darwin-arm64@1.29.1", "", { "os": "darwin", "cpu": "arm64" }, "sha512-HtR5XJ5A0lvCqYAoSv2QdZZyoHNttBpa5EP9aNuzBQeKGfbyH5+UipLWvVzpP4Uml5ej4BYs5I9Lco9u1fECqw=="],

    "lightningcss-darwin-x64": ["lightningcss-darwin-x64@1.29.1", "", { "os": "darwin", "cpu": "x64" }, "sha512-k33G9IzKUpHy/J/3+9MCO4e+PzaFblsgBjSGlpAaFikeBFm8B/CkO3cKU9oI4g+fjS2KlkLM/Bza9K/aw8wsNA=="],

    "lightningcss-freebsd-x64": ["lightningcss-freebsd-x64@1.29.1", "", { "os": "freebsd", "cpu": "x64" }, "sha512-0SUW22fv/8kln2LnIdOCmSuXnxgxVC276W5KLTwoehiO0hxkacBxjHOL5EtHD8BAXg2BvuhsJPmVMasvby3LiQ=="],

    "lightningcss-linux-arm-gnueabihf": ["lightningcss-linux-arm-gnueabihf@1.29.1", "", { "os": "linux", "cpu": "arm" }, "sha512-sD32pFvlR0kDlqsOZmYqH/68SqUMPNj+0pucGxToXZi4XZgZmqeX/NkxNKCPsswAXU3UeYgDSpGhu05eAufjDg=="],

    "lightningcss-linux-arm64-gnu": ["lightningcss-linux-arm64-gnu@1.29.1", "", { "os": "linux", "cpu": "arm64" }, "sha512-0+vClRIZ6mmJl/dxGuRsE197o1HDEeeRk6nzycSy2GofC2JsY4ifCRnvUWf/CUBQmlrvMzt6SMQNMSEu22csWQ=="],

    "lightningcss-linux-arm64-musl": ["lightningcss-linux-arm64-musl@1.29.1", "", { "os": "linux", "cpu": "arm64" }, "sha512-UKMFrG4rL/uHNgelBsDwJcBqVpzNJbzsKkbI3Ja5fg00sgQnHw/VrzUTEc4jhZ+AN2BvQYz/tkHu4vt1kLuJyw=="],

    "lightningcss-linux-x64-gnu": ["lightningcss-linux-x64-gnu@1.29.1", "", { "os": "linux", "cpu": "x64" }, "sha512-u1S+xdODy/eEtjADqirA774y3jLcm8RPtYztwReEXoZKdzgsHYPl0s5V52Tst+GKzqjebkULT86XMSxejzfISw=="],

    "lightningcss-linux-x64-musl": ["lightningcss-linux-x64-musl@1.29.1", "", { "os": "linux", "cpu": "x64" }, "sha512-L0Tx0DtaNUTzXv0lbGCLB/c/qEADanHbu4QdcNOXLIe1i8i22rZRpbT3gpWYsCh9aSL9zFujY/WmEXIatWvXbw=="],

    "lightningcss-win32-arm64-msvc": ["lightningcss-win32-arm64-msvc@1.29.1", "", { "os": "win32", "cpu": "arm64" }, "sha512-QoOVnkIEFfbW4xPi+dpdft/zAKmgLgsRHfJalEPYuJDOWf7cLQzYg0DEh8/sn737FaeMJxHZRc1oBreiwZCjog=="],

    "lightningcss-win32-x64-msvc": ["lightningcss-win32-x64-msvc@1.29.1", "", { "os": "win32", "cpu": "x64" }, "sha512-NygcbThNBe4JElP+olyTI/doBNGJvLs3bFCRPdvuCcxZCcCZ71B858IHpdm7L1btZex0FvCmM17FK98Y9MRy1Q=="],

    "nanoid": ["nanoid@3.3.8", "", { "bin": { "nanoid": "bin/nanoid.cjs" } }, "sha512-WNLf5Sd8oZxOm+TzppcYk8gVOgP+l58xNy58D0nbUnOxOWRWvlcCV4kUF7ltmI6PsrLl/BgKEyS4mqsGChFN0w=="],

    "node-releases": ["node-releases@2.0.19", "", {}, "sha512-xxOWJsBKtzAq7DY0J+DTzuz58K8e7sJbdgwkbMWQe8UYB6ekmsQ45q0M/tJDsGaZmbC+l7n57UV8Hl5tHxO9uw=="],

    "normalize-range": ["normalize-range@0.1.2", "", {}, "sha512-bdok/XvKII3nUpklnV6P2hxtMNrCboOjAcyBuQnWEhO665FwrSNRxU+AqpsyvO6LgGYPspN+lu5CLtw4jPRKNA=="],

    "picocolors": ["picocolors@1.1.1", "", {}, "sha512-xceH2snhtb5M9liqDsmEw56le376mTZkEX/jEb/RxNFyegNul7eNslCXP9FDj/Lcu0X8KEyMceP2ntpaHrDEVA=="],

    "postcss": ["postcss@8.5.2", "", { "dependencies": { "nanoid": "^3.3.8", "picocolors": "^1.1.1", "source-map-js": "^1.2.1" } }, "sha512-MjOadfU3Ys9KYoX0AdkBlFEF1Vx37uCCeN4ZHnmwm9FfpbsGWMZeBLMmmpY+6Ocqod7mkdZ0DT31OlbsFrLlkA=="],

    "postcss-value-parser": ["postcss-value-parser@4.2.0", "", {}, "sha512-1NNCs6uurfkVbeXG4S8JFT9t19m45ICnif8zWLd5oPSZ50QnwMfK+H3jv408d4jw/7Bttv5axS5IiHoLaVNHeQ=="],

    "source-map-js": ["source-map-js@1.2.1", "", {}, "sha512-UXWMKhLOwVKb728IUtQPXxfYU+usdybtUrK/8uGE8CQMvrhOpwvzDBwj0QhSL7MQc7vIsISBG8VQ8+IDQxpfQA=="],

    "tailwindcss": ["tailwindcss@4.0.6", "", {}, "sha512-mysewHYJKaXgNOW6pp5xon/emCsfAMnO8WMaGKZZ35fomnR/T5gYnRg2/yRTTrtXiEl1tiVkeRt0eMO6HxEZqw=="],

    "tapable": ["tapable@2.2.1", "", {}, "sha512-GNzQvQTOIP6RyTfE2Qxb8ZVlNmw0n88vp1szwWRimP02mnTsx3Wtn5qRdqY9w2XduFNUgvOwhNnQsjwCp+kqaQ=="],

    "undici-types": ["undici-types@6.20.0", "", {}, "sha512-Ny6QZ2Nju20vw1SRHe3d9jVu6gJ+4e3+MMpqu7pqE5HT6WsTSlce++GQmK5UXS8mzV8DSYHrQH+Xrf2jVcuKNg=="],

    "update-browserslist-db": ["update-browserslist-db@1.1.2", "", { "dependencies": { "escalade": "^3.2.0", "picocolors": "^1.1.1" }, "peerDependencies": { "browserslist": ">= 4.21.0" }, "bin": { "update-browserslist-db": "cli.js" } }, "sha512-PPypAm5qvlD7XMZC3BujecnaOxwhrtoFR+Dqkk5Aa/6DssiH0ibKoketaj9w8LP7Bont1rYeoV5plxD7RTEPRg=="],

    "@lush/plugin-postcss/postcss": ["postcss@8.5.1", "", { "dependencies": { "nanoid": "^3.3.8", "picocolors": "^1.1.1", "source-map-js": "^1.2.1" } }, "sha512-6oz2beyjc5VMn/KV1pPw8fliQkhBXrVn1Z3TVyqZxU8kZpzEKhBdmCFqI6ZbmGtamQvQGuU1sgPTk8ZrXDD7jQ=="],
  }
}
